# THIS IS AN AUTOGENERATED FILE. DO NOT EDIT THIS FILE DIRECTLY.
# yarn lockfile v1


autorest@^3.6.1:
  version "3.6.1"
  resolved "https://registry.yarnpkg.com/autorest/-/autorest-3.6.1.tgz#83f469538c842bbed95f72f3c405dab32c9a35d8"
  integrity sha512-tTOnfQq+LAyqnxFrOOnyCEaErXnjRTgduUN7a8LUv2u5deqDlI0zoJllHeIEYDZS2o2Kr1s8pDj2NxaFPOWldg==
